// !$*UTF8*$!
{
	archiveVersion = 1;
	classes = {
	};
	objectVersion = 55;
	objects = {

/* Begin PBXBuildFile section */
		3A35AD502764A78900727D34 /* FullMovie.swift in Sources */ = {isa = PBXBuildFile; fileRef = 3A35AD4F2764A78900727D34 /* FullMovie.swift */; };
		3A35ADA127664D3200727D34 /* DramadyDataModel.xcdatamodeld in Sources */ = {isa = PBXBuildFile; fileRef = 3A35AD9F27664D3200727D34 /* DramadyDataModel.xcdatamodeld */; };
		3A35AE30276675C500727D34 /* LocalMovie+CoreDataClass.swift in Sources */ = {isa = PBXBuildFile; fileRef = 3A35AE2E276675C500727D34 /* LocalMovie+CoreDataClass.swift */; };
		3A35AE31276675C500727D34 /* LocalMovie+CoreDataProperties.swift in Sources */ = {isa = PBXBuildFile; fileRef = 3A35AE2F276675C500727D34 /* LocalMovie+CoreDataProperties.swift */; };
		3A35AE3327686CA900727D34 /* Configuration.swift in Sources */ = {isa = PBXBuildFile; fileRef = 3A35AE3227686CA900727D34 /* Configuration.swift */; };
		3A35AE3427686CA900727D34 /* Configuration.swift in Sources */ = {isa = PBXBuildFile; fileRef = 3A35AE3227686CA900727D34 /* Configuration.swift */; };
		3A35AE3527686CA900727D34 /* Configuration.swift in Sources */ = {isa = PBXBuildFile; fileRef = 3A35AE3227686CA900727D34 /* Configuration.swift */; };
		3A35AE3B2768E2DF00727D34 /* LyricsPage.swift in Sources */ = {isa = PBXBuildFile; fileRef = CE3A5354274CE40A003878B2 /* LyricsPage.swift */; };
		3A35AE3C2768E2E600727D34 /* Search.swift in Sources */ = {isa = PBXBuildFile; fileRef = CED840982753AEB100D47CF7 /* Search.swift */; };
		3A35AE3D2768E2EA00727D34 /* TopMovies.swift in Sources */ = {isa = PBXBuildFile; fileRef = CED8409A2753B02800D47CF7 /* TopMovies.swift */; };
		3A35AE3E2768E2ED00727D34 /* PopularMovies.swift in Sources */ = {isa = PBXBuildFile; fileRef = CED8409C2753B03600D47CF7 /* PopularMovies.swift */; };
		3A35AE3F2768E2F000727D34 /* FullMovie.swift in Sources */ = {isa = PBXBuildFile; fileRef = 3A35AD4F2764A78900727D34 /* FullMovie.swift */; };
		3A35AE402768E2F400727D34 /* Api.swift in Sources */ = {isa = PBXBuildFile; fileRef = CE5B99BE274BE44900BC769D /* Api.swift */; };
		3A35AE452768E40F00727D34 /* Search.swift in Sources */ = {isa = PBXBuildFile; fileRef = CED840982753AEB100D47CF7 /* Search.swift */; };
		3A35AE462768E41200727D34 /* TopMovies.swift in Sources */ = {isa = PBXBuildFile; fileRef = CED8409A2753B02800D47CF7 /* TopMovies.swift */; };
		3A35AE472768E41500727D34 /* PopularMovies.swift in Sources */ = {isa = PBXBuildFile; fileRef = CED8409C2753B03600D47CF7 /* PopularMovies.swift */; };
		3A35AE482768E41800727D34 /* FullMovie.swift in Sources */ = {isa = PBXBuildFile; fileRef = 3A35AD4F2764A78900727D34 /* FullMovie.swift */; };
		CE3A5355274CE40B003878B2 /* LyricsPage.swift in Sources */ = {isa = PBXBuildFile; fileRef = CE3A5354274CE40A003878B2 /* LyricsPage.swift */; };
		CE56D043274BBA4300B8E7FC /* DramadyApp.swift in Sources */ = {isa = PBXBuildFile; fileRef = CE56D042274BBA4300B8E7FC /* DramadyApp.swift */; };
		CE56D045274BBA4300B8E7FC /* ContentView.swift in Sources */ = {isa = PBXBuildFile; fileRef = CE56D044274BBA4300B8E7FC /* ContentView.swift */; };
		CE56D047274BBA4400B8E7FC /* Assets.xcassets in Resources */ = {isa = PBXBuildFile; fileRef = CE56D046274BBA4400B8E7FC /* Assets.xcassets */; };
		CE56D04A274BBA4400B8E7FC /* Preview Assets.xcassets in Resources */ = {isa = PBXBuildFile; fileRef = CE56D049274BBA4400B8E7FC /* Preview Assets.xcassets */; };
		CE56D04C274BBA4400B8E7FC /* Persistence.swift in Sources */ = {isa = PBXBuildFile; fileRef = CE56D04B274BBA4400B8E7FC /* Persistence.swift */; };
		CE56D04F274BBA4400B8E7FC /* Dramady.xcdatamodeld in Sources */ = {isa = PBXBuildFile; fileRef = CE56D04D274BBA4400B8E7FC /* Dramady.xcdatamodeld */; };
		CE56D059274BBA4400B8E7FC /* DramadyTests.swift in Sources */ = {isa = PBXBuildFile; fileRef = CE56D058274BBA4400B8E7FC /* DramadyTests.swift */; };
		CE56D063274BBA4400B8E7FC /* DramadyUITests.swift in Sources */ = {isa = PBXBuildFile; fileRef = CE56D062274BBA4400B8E7FC /* DramadyUITests.swift */; };
		CE56D065274BBA4400B8E7FC /* DramadyUITestsLaunchTests.swift in Sources */ = {isa = PBXBuildFile; fileRef = CE56D064274BBA4400B8E7FC /* DramadyUITestsLaunchTests.swift */; };
		CE56D0AD274BC32600B8E7FC /* MainPage.swift in Sources */ = {isa = PBXBuildFile; fileRef = CE56D0AC274BC32600B8E7FC /* MainPage.swift */; };
		CE56D0AF274BC63F00B8E7FC /* TrendingPage.swift in Sources */ = {isa = PBXBuildFile; fileRef = CE56D0AE274BC63F00B8E7FC /* TrendingPage.swift */; };
		CE56D0B1274BC64F00B8E7FC /* PopularPage.swift in Sources */ = {isa = PBXBuildFile; fileRef = CE56D0B0274BC64F00B8E7FC /* PopularPage.swift */; };
		CE56D0B3274BC8BD00B8E7FC /* FavouritesPage.swift in Sources */ = {isa = PBXBuildFile; fileRef = CE56D0B2274BC8BD00B8E7FC /* FavouritesPage.swift */; };
		CE56D0B5274BDB7400B8E7FC /* WatchlistPage.swift in Sources */ = {isa = PBXBuildFile; fileRef = CE56D0B4274BDB7400B8E7FC /* WatchlistPage.swift */; };
		CE5B99BF274BE44900BC769D /* Api.swift in Sources */ = {isa = PBXBuildFile; fileRef = CE5B99BE274BE44900BC769D /* Api.swift */; };
		CE5B99C1274BECE800BC769D /* MovieView.swift in Sources */ = {isa = PBXBuildFile; fileRef = CE5B99C0274BECE800BC769D /* MovieView.swift */; };
		CE5B99CF274C22F400BC769D /* ResultsPage.swift in Sources */ = {isa = PBXBuildFile; fileRef = CE5B99CE274C22F400BC769D /* ResultsPage.swift */; };
		CED840992753AEB100D47CF7 /* Search.swift in Sources */ = {isa = PBXBuildFile; fileRef = CED840982753AEB100D47CF7 /* Search.swift */; };
		CED8409B2753B02800D47CF7 /* TopMovies.swift in Sources */ = {isa = PBXBuildFile; fileRef = CED8409A2753B02800D47CF7 /* TopMovies.swift */; };
		CED8409D2753B03600D47CF7 /* PopularMovies.swift in Sources */ = {isa = PBXBuildFile; fileRef = CED8409C2753B03600D47CF7 /* PopularMovies.swift */; };
		CED8409F2753B87B00D47CF7 /* ImageFetcher.swift in Sources */ = {isa = PBXBuildFile; fileRef = CED8409E2753B87B00D47CF7 /* ImageFetcher.swift */; };
		CED840A02753B87B00D47CF7 /* ImageFetcher.swift in Sources */ = {isa = PBXBuildFile; fileRef = CED8409E2753B87B00D47CF7 /* ImageFetcher.swift */; };
		CED840A12753B87B00D47CF7 /* ImageFetcher.swift in Sources */ = {isa = PBXBuildFile; fileRef = CED8409E2753B87B00D47CF7 /* ImageFetcher.swift */; };
/* End PBXBuildFile section */

/* Begin PBXContainerItemProxy section */
		CE56D055274BBA4400B8E7FC /* PBXContainerItemProxy */ = {
			isa = PBXContainerItemProxy;
			containerPortal = CE56D037274BBA4300B8E7FC /* Project object */;
			proxyType = 1;
			remoteGlobalIDString = CE56D03E274BBA4300B8E7FC;
			remoteInfo = Dramady;
		};
		CE56D05F274BBA4400B8E7FC /* PBXContainerItemProxy */ = {
			isa = PBXContainerItemProxy;
			containerPortal = CE56D037274BBA4300B8E7FC /* Project object */;
			proxyType = 1;
			remoteGlobalIDString = CE56D03E274BBA4300B8E7FC;
			remoteInfo = Dramady;
		};
/* End PBXContainerItemProxy section */

/* Begin PBXFileReference section */
		3A35AD4F2764A78900727D34 /* FullMovie.swift */ = {isa = PBXFileReference; lastKnownFileType = sourcecode.swift; path = FullMovie.swift; sourceTree = "<group>"; };
		3A35ADA027664D3200727D34 /* DramadyDataModel.xcdatamodel */ = {isa = PBXFileReference; lastKnownFileType = wrapper.xcdatamodel; path = DramadyDataModel.xcdatamodel; sourceTree = "<group>"; };
		3A35AE2E276675C500727D34 /* LocalMovie+CoreDataClass.swift */ = {isa = PBXFileReference; lastKnownFileType = sourcecode.swift; name = "LocalMovie+CoreDataClass.swift"; path = "Dramady/Data/CoreData/LocalMovie+CoreDataClass.swift"; sourceTree = "<group>"; };
		3A35AE2F276675C500727D34 /* LocalMovie+CoreDataProperties.swift */ = {isa = PBXFileReference; lastKnownFileType = sourcecode.swift; name = "LocalMovie+CoreDataProperties.swift"; path = "Dramady/Data/CoreData/LocalMovie+CoreDataProperties.swift"; sourceTree = "<group>"; };
		3A35AE3227686CA900727D34 /* Configuration.swift */ = {isa = PBXFileReference; lastKnownFileType = sourcecode.swift; path = Configuration.swift; sourceTree = "<group>"; };
		CE3A5354274CE40A003878B2 /* LyricsPage.swift */ = {isa = PBXFileReference; lastKnownFileType = sourcecode.swift; path = LyricsPage.swift; sourceTree = "<group>"; };
		CE56D03F274BBA4300B8E7FC /* Dramady.app */ = {isa = PBXFileReference; explicitFileType = wrapper.application; includeInIndex = 0; path = Dramady.app; sourceTree = BUILT_PRODUCTS_DIR; };
		CE56D042274BBA4300B8E7FC /* DramadyApp.swift */ = {isa = PBXFileReference; lastKnownFileType = sourcecode.swift; path = DramadyApp.swift; sourceTree = "<group>"; };
		CE56D044274BBA4300B8E7FC /* ContentView.swift */ = {isa = PBXFileReference; lastKnownFileType = sourcecode.swift; path = ContentView.swift; sourceTree = "<group>"; };
		CE56D046274BBA4400B8E7FC /* Assets.xcassets */ = {isa = PBXFileReference; lastKnownFileType = folder.assetcatalog; path = Assets.xcassets; sourceTree = "<group>"; };
		CE56D049274BBA4400B8E7FC /* Preview Assets.xcassets */ = {isa = PBXFileReference; lastKnownFileType = folder.assetcatalog; path = "Preview Assets.xcassets"; sourceTree = "<group>"; };
		CE56D04B274BBA4400B8E7FC /* Persistence.swift */ = {isa = PBXFileReference; lastKnownFileType = sourcecode.swift; path = Persistence.swift; sourceTree = "<group>"; };
		CE56D04E274BBA4400B8E7FC /* Dramady.xcdatamodel */ = {isa = PBXFileReference; lastKnownFileType = wrapper.xcdatamodel; path = Dramady.xcdatamodel; sourceTree = "<group>"; };
		CE56D054274BBA4400B8E7FC /* DramadyTests.xctest */ = {isa = PBXFileReference; explicitFileType = wrapper.cfbundle; includeInIndex = 0; path = DramadyTests.xctest; sourceTree = BUILT_PRODUCTS_DIR; };
		CE56D058274BBA4400B8E7FC /* DramadyTests.swift */ = {isa = PBXFileReference; lastKnownFileType = sourcecode.swift; path = DramadyTests.swift; sourceTree = "<group>"; };
		CE56D05E274BBA4400B8E7FC /* DramadyUITests.xctest */ = {isa = PBXFileReference; explicitFileType = wrapper.cfbundle; includeInIndex = 0; path = DramadyUITests.xctest; sourceTree = BUILT_PRODUCTS_DIR; };
		CE56D062274BBA4400B8E7FC /* DramadyUITests.swift */ = {isa = PBXFileReference; lastKnownFileType = sourcecode.swift; path = DramadyUITests.swift; sourceTree = "<group>"; };
		CE56D064274BBA4400B8E7FC /* DramadyUITestsLaunchTests.swift */ = {isa = PBXFileReference; lastKnownFileType = sourcecode.swift; path = DramadyUITestsLaunchTests.swift; sourceTree = "<group>"; };
		CE56D0AC274BC32600B8E7FC /* MainPage.swift */ = {isa = PBXFileReference; lastKnownFileType = sourcecode.swift; path = MainPage.swift; sourceTree = "<group>"; };
		CE56D0AE274BC63F00B8E7FC /* TrendingPage.swift */ = {isa = PBXFileReference; lastKnownFileType = sourcecode.swift; path = TrendingPage.swift; sourceTree = "<group>"; };
		CE56D0B0274BC64F00B8E7FC /* PopularPage.swift */ = {isa = PBXFileReference; lastKnownFileType = sourcecode.swift; path = PopularPage.swift; sourceTree = "<group>"; };
		CE56D0B2274BC8BD00B8E7FC /* FavouritesPage.swift */ = {isa = PBXFileReference; lastKnownFileType = sourcecode.swift; path = FavouritesPage.swift; sourceTree = "<group>"; };
		CE56D0B4274BDB7400B8E7FC /* WatchlistPage.swift */ = {isa = PBXFileReference; lastKnownFileType = sourcecode.swift; path = WatchlistPage.swift; sourceTree = "<group>"; };
		CE5B99BE274BE44900BC769D /* Api.swift */ = {isa = PBXFileReference; lastKnownFileType = sourcecode.swift; path = Api.swift; sourceTree = "<group>"; };
		CE5B99C0274BECE800BC769D /* MovieView.swift */ = {isa = PBXFileReference; lastKnownFileType = sourcecode.swift; path = MovieView.swift; sourceTree = "<group>"; };
		CE5B99CE274C22F400BC769D /* ResultsPage.swift */ = {isa = PBXFileReference; lastKnownFileType = sourcecode.swift; path = ResultsPage.swift; sourceTree = "<group>"; };
		CED840982753AEB100D47CF7 /* Search.swift */ = {isa = PBXFileReference; lastKnownFileType = sourcecode.swift; path = Search.swift; sourceTree = "<group>"; };
		CED8409A2753B02800D47CF7 /* TopMovies.swift */ = {isa = PBXFileReference; lastKnownFileType = sourcecode.swift; path = TopMovies.swift; sourceTree = "<group>"; };
		CED8409C2753B03600D47CF7 /* PopularMovies.swift */ = {isa = PBXFileReference; lastKnownFileType = sourcecode.swift; path = PopularMovies.swift; sourceTree = "<group>"; };
		CED8409E2753B87B00D47CF7 /* ImageFetcher.swift */ = {isa = PBXFileReference; lastKnownFileType = sourcecode.swift; path = ImageFetcher.swift; sourceTree = "<group>"; };
/* End PBXFileReference section */

/* Begin PBXFrameworksBuildPhase section */
		CE56D03C274BBA4300B8E7FC /* Frameworks */ = {
			isa = PBXFrameworksBuildPhase;
			buildActionMask = 2147483647;
			files = (
			);
			runOnlyForDeploymentPostprocessing = 0;
		};
		CE56D051274BBA4400B8E7FC /* Frameworks */ = {
			isa = PBXFrameworksBuildPhase;
			buildActionMask = 2147483647;
			files = (
			);
			runOnlyForDeploymentPostprocessing = 0;
		};
		CE56D05B274BBA4400B8E7FC /* Frameworks */ = {
			isa = PBXFrameworksBuildPhase;
			buildActionMask = 2147483647;
			files = (
			);
			runOnlyForDeploymentPostprocessing = 0;
		};
/* End PBXFrameworksBuildPhase section */

/* Begin PBXGroup section */
		3A35AD4B2764983C00727D34 /* CoreData */ = {
			isa = PBXGroup;
			children = (
				3A35AD9F27664D3200727D34 /* DramadyDataModel.xcdatamodeld */,
			);
			path = CoreData;
			sourceTree = "<group>";
		};
		CE56D036274BBA4300B8E7FC = {
			isa = PBXGroup;
			children = (
				3A35AE2E276675C500727D34 /* LocalMovie+CoreDataClass.swift */,
				3A35AE2F276675C500727D34 /* LocalMovie+CoreDataProperties.swift */,
				CE56D041274BBA4300B8E7FC /* Dramady */,
				CE56D057274BBA4400B8E7FC /* DramadyTests */,
				CE56D061274BBA4400B8E7FC /* DramadyUITests */,
				CE56D040274BBA4300B8E7FC /* Products */,
			);
			sourceTree = "<group>";
		};
		CE56D040274BBA4300B8E7FC /* Products */ = {
			isa = PBXGroup;
			children = (
				CE56D03F274BBA4300B8E7FC /* Dramady.app */,
				CE56D054274BBA4400B8E7FC /* DramadyTests.xctest */,
				CE56D05E274BBA4400B8E7FC /* DramadyUITests.xctest */,
			);
			name = Products;
			sourceTree = "<group>";
		};
		CE56D041274BBA4300B8E7FC /* Dramady */ = {
			isa = PBXGroup;
			children = (
				CE5B99CD274C076100BC769D /* Pages */,
				CE5B99C8274C00CE00BC769D /* Data */,
				CE56D042274BBA4300B8E7FC /* DramadyApp.swift */,
				CE56D044274BBA4300B8E7FC /* ContentView.swift */,
				CE56D046274BBA4400B8E7FC /* Assets.xcassets */,
				CE56D04B274BBA4400B8E7FC /* Persistence.swift */,
				CE56D04D274BBA4400B8E7FC /* Dramady.xcdatamodeld */,
				CE56D048274BBA4400B8E7FC /* Preview Content */,
				CE5B99C0274BECE800BC769D /* MovieView.swift */,
				CED8409E2753B87B00D47CF7 /* ImageFetcher.swift */,
				3A35AE3227686CA900727D34 /* Configuration.swift */,
			);
			path = Dramady;
			sourceTree = "<group>";
		};
		CE56D048274BBA4400B8E7FC /* Preview Content */ = {
			isa = PBXGroup;
			children = (
				CE56D049274BBA4400B8E7FC /* Preview Assets.xcassets */,
			);
			path = "Preview Content";
			sourceTree = "<group>";
		};
		CE56D057274BBA4400B8E7FC /* DramadyTests */ = {
			isa = PBXGroup;
			children = (
				CE56D058274BBA4400B8E7FC /* DramadyTests.swift */,
			);
			path = DramadyTests;
			sourceTree = "<group>";
		};
		CE56D061274BBA4400B8E7FC /* DramadyUITests */ = {
			isa = PBXGroup;
			children = (
				CE56D062274BBA4400B8E7FC /* DramadyUITests.swift */,
				CE56D064274BBA4400B8E7FC /* DramadyUITestsLaunchTests.swift */,
			);
			path = DramadyUITests;
			sourceTree = "<group>";
		};
		CE5B99C8274C00CE00BC769D /* Data */ = {
			isa = PBXGroup;
			children = (
				3A35AD4B2764983C00727D34 /* CoreData */,
				CED840972753AE9900D47CF7 /* ResultTypes */,
				CE5B99BE274BE44900BC769D /* Api.swift */,
			);
			path = Data;
			sourceTree = "<group>";
		};
		CE5B99CD274C076100BC769D /* Pages */ = {
			isa = PBXGroup;
			children = (
				CE56D0AC274BC32600B8E7FC /* MainPage.swift */,
				CE56D0AE274BC63F00B8E7FC /* TrendingPage.swift */,
				CE56D0B0274BC64F00B8E7FC /* PopularPage.swift */,
				CE56D0B2274BC8BD00B8E7FC /* FavouritesPage.swift */,
				CE56D0B4274BDB7400B8E7FC /* WatchlistPage.swift */,
				CE5B99CE274C22F400BC769D /* ResultsPage.swift */,
				CE3A5354274CE40A003878B2 /* LyricsPage.swift */,
			);
			path = Pages;
			sourceTree = "<group>";
		};
		CED840972753AE9900D47CF7 /* ResultTypes */ = {
			isa = PBXGroup;
			children = (
				CED840982753AEB100D47CF7 /* Search.swift */,
				CED8409A2753B02800D47CF7 /* TopMovies.swift */,
				CED8409C2753B03600D47CF7 /* PopularMovies.swift */,
				3A35AD4F2764A78900727D34 /* FullMovie.swift */,
			);
			path = ResultTypes;
			sourceTree = "<group>";
		};
/* End PBXGroup section */

/* Begin PBXNativeTarget section */
		CE56D03E274BBA4300B8E7FC /* Dramady */ = {
			isa = PBXNativeTarget;
			buildConfigurationList = CE56D068274BBA4400B8E7FC /* Build configuration list for PBXNativeTarget "Dramady" */;
			buildPhases = (
				CE56D03B274BBA4300B8E7FC /* Sources */,
				CE56D03C274BBA4300B8E7FC /* Frameworks */,
				CE56D03D274BBA4300B8E7FC /* Resources */,
			);
			buildRules = (
			);
			dependencies = (
			);
			name = Dramady;
			productName = Dramady;
			productReference = CE56D03F274BBA4300B8E7FC /* Dramady.app */;
			productType = "com.apple.product-type.application";
		};
		CE56D053274BBA4400B8E7FC /* DramadyTests */ = {
			isa = PBXNativeTarget;
			buildConfigurationList = CE56D06B274BBA4400B8E7FC /* Build configuration list for PBXNativeTarget "DramadyTests" */;
			buildPhases = (
				CE56D050274BBA4400B8E7FC /* Sources */,
				CE56D051274BBA4400B8E7FC /* Frameworks */,
				CE56D052274BBA4400B8E7FC /* Resources */,
			);
			buildRules = (
			);
			dependencies = (
				CE56D056274BBA4400B8E7FC /* PBXTargetDependency */,
			);
			name = DramadyTests;
			productName = DramadyTests;
			productReference = CE56D054274BBA4400B8E7FC /* DramadyTests.xctest */;
			productType = "com.apple.product-type.bundle.unit-test";
		};
		CE56D05D274BBA4400B8E7FC /* DramadyUITests */ = {
			isa = PBXNativeTarget;
			buildConfigurationList = CE56D06E274BBA4400B8E7FC /* Build configuration list for PBXNativeTarget "DramadyUITests" */;
			buildPhases = (
				CE56D05A274BBA4400B8E7FC /* Sources */,
				CE56D05B274BBA4400B8E7FC /* Frameworks */,
				CE56D05C274BBA4400B8E7FC /* Resources */,
			);
			buildRules = (
			);
			dependencies = (
				CE56D060274BBA4400B8E7FC /* PBXTargetDependency */,
			);
			name = DramadyUITests;
			productName = DramadyUITests;
			productReference = CE56D05E274BBA4400B8E7FC /* DramadyUITests.xctest */;
			productType = "com.apple.product-type.bundle.ui-testing";
		};
/* End PBXNativeTarget section */

/* Begin PBXProject section */
		CE56D037274BBA4300B8E7FC /* Project object */ = {
			isa = PBXProject;
			attributes = {
				BuildIndependentTargetsInParallel = 1;
				LastSwiftUpdateCheck = 1300;
				LastUpgradeCheck = 1300;
				TargetAttributes = {
					CE56D03E274BBA4300B8E7FC = {
						CreatedOnToolsVersion = 13.0;
					};
					CE56D053274BBA4400B8E7FC = {
						CreatedOnToolsVersion = 13.0;
						TestTargetID = CE56D03E274BBA4300B8E7FC;
					};
					CE56D05D274BBA4400B8E7FC = {
						CreatedOnToolsVersion = 13.0;
						TestTargetID = CE56D03E274BBA4300B8E7FC;
					};
				};
			};
			buildConfigurationList = CE56D03A274BBA4300B8E7FC /* Build configuration list for PBXProject "Dramady" */;
			compatibilityVersion = "Xcode 13.0";
			developmentRegion = en;
			hasScannedForEncodings = 0;
			knownRegions = (
				en,
				Base,
			);
			mainGroup = CE56D036274BBA4300B8E7FC;
			productRefGroup = CE56D040274BBA4300B8E7FC /* Products */;
			projectDirPath = "";
			projectRoot = "";
			targets = (
				CE56D03E274BBA4300B8E7FC /* Dramady */,
				CE56D053274BBA4400B8E7FC /* DramadyTests */,
				CE56D05D274BBA4400B8E7FC /* DramadyUITests */,
			);
		};
/* End PBXProject section */

/* Begin PBXResourcesBuildPhase section */
		CE56D03D274BBA4300B8E7FC /* Resources */ = {
			isa = PBXResourcesBuildPhase;
			buildActionMask = 2147483647;
			files = (
				CE56D04A274BBA4400B8E7FC /* Preview Assets.xcassets in Resources */,
				CE56D047274BBA4400B8E7FC /* Assets.xcassets in Resources */,
			);
			runOnlyForDeploymentPostprocessing = 0;
		};
		CE56D052274BBA4400B8E7FC /* Resources */ = {
			isa = PBXResourcesBuildPhase;
			buildActionMask = 2147483647;
			files = (
			);
			runOnlyForDeploymentPostprocessing = 0;
		};
		CE56D05C274BBA4400B8E7FC /* Resources */ = {
			isa = PBXResourcesBuildPhase;
			buildActionMask = 2147483647;
			files = (
			);
			runOnlyForDeploymentPostprocessing = 0;
		};
/* End PBXResourcesBuildPhase section */

/* Begin PBXSourcesBuildPhase section */
		CE56D03B274BBA4300B8E7FC /* Sources */ = {
			isa = PBXSourcesBuildPhase;
			buildActionMask = 2147483647;
			files = (
				CE5B99BF274BE44900BC769D /* Api.swift in Sources */,
				CE56D0AD274BC32600B8E7FC /* MainPage.swift in Sources */,
				CE56D04C274BBA4400B8E7FC /* Persistence.swift in Sources */,
				3A35AD502764A78900727D34 /* FullMovie.swift in Sources */,
				CED8409F2753B87B00D47CF7 /* ImageFetcher.swift in Sources */,
				CE56D0B5274BDB7400B8E7FC /* WatchlistPage.swift in Sources */,
				CED8409D2753B03600D47CF7 /* PopularMovies.swift in Sources */,
				CE56D045274BBA4300B8E7FC /* ContentView.swift in Sources */,
				CE56D0B1274BC64F00B8E7FC /* PopularPage.swift in Sources */,
				CE56D0B3274BC8BD00B8E7FC /* FavouritesPage.swift in Sources */,
				3A35AE3327686CA900727D34 /* Configuration.swift in Sources */,
				CE5B99CF274C22F400BC769D /* ResultsPage.swift in Sources */,
				CE56D0AF274BC63F00B8E7FC /* TrendingPage.swift in Sources */,
				CED8409B2753B02800D47CF7 /* TopMovies.swift in Sources */,
				3A35AE31276675C500727D34 /* LocalMovie+CoreDataProperties.swift in Sources */,
				CE56D04F274BBA4400B8E7FC /* Dramady.xcdatamodeld in Sources */,
				CE56D043274BBA4300B8E7FC /* DramadyApp.swift in Sources */,
				CE5B99C1274BECE800BC769D /* MovieView.swift in Sources */,
				3A35AE30276675C500727D34 /* LocalMovie+CoreDataClass.swift in Sources */,
				3A35ADA127664D3200727D34 /* DramadyDataModel.xcdatamodeld in Sources */,
				CE3A5355274CE40B003878B2 /* LyricsPage.swift in Sources */,
				CED840992753AEB100D47CF7 /* Search.swift in Sources */,
			);
			runOnlyForDeploymentPostprocessing = 0;
		};
		CE56D050274BBA4400B8E7FC /* Sources */ = {
			isa = PBXSourcesBuildPhase;
			buildActionMask = 2147483647;
			files = (
				CE56D059274BBA4400B8E7FC /* DramadyTests.swift in Sources */,
				3A35AE3427686CA900727D34 /* Configuration.swift in Sources */,
				CED840A02753B87B00D47CF7 /* ImageFetcher.swift in Sources */,
				3A35AE3F2768E2F000727D34 /* FullMovie.swift in Sources */,
				3A35AE3C2768E2E600727D34 /* Search.swift in Sources */,
				3A35AE3D2768E2EA00727D34 /* TopMovies.swift in Sources */,
				3A35AE3E2768E2ED00727D34 /* PopularMovies.swift in Sources */,
				3A35AE402768E2F400727D34 /* Api.swift in Sources */,
				3A35AE3B2768E2DF00727D34 /* LyricsPage.swift in Sources */,
			);
			runOnlyForDeploymentPostprocessing = 0;
		};
		CE56D05A274BBA4400B8E7FC /* Sources */ = {
			isa = PBXSourcesBuildPhase;
			buildActionMask = 2147483647;
			files = (
				3A35AE472768E41500727D34 /* PopularMovies.swift in Sources */,
				3A35AE3527686CA900727D34 /* Configuration.swift in Sources */,
				CE56D063274BBA4400B8E7FC /* DramadyUITests.swift in Sources */,
				CE56D065274BBA4400B8E7FC /* DramadyUITestsLaunchTests.swift in Sources */,
				3A35AE452768E40F00727D34 /* Search.swift in Sources */,
				3A35AE462768E41200727D34 /* TopMovies.swift in Sources */,
				3A35AE482768E41800727D34 /* FullMovie.swift in Sources */,
				CED840A12753B87B00D47CF7 /* ImageFetcher.swift in Sources */,
			);
			runOnlyForDeploymentPostprocessing = 0;
		};
/* End PBXSourcesBuildPhase section */

/* Begin PBXTargetDependency section */
		CE56D056274BBA4400B8E7FC /* PBXTargetDependency */ = {
			isa = PBXTargetDependency;
			target = CE56D03E274BBA4300B8E7FC /* Dramady */;
			targetProxy = CE56D055274BBA4400B8E7FC /* PBXContainerItemProxy */;
		};
		CE56D060274BBA4400B8E7FC /* PBXTargetDependency */ = {
			isa = PBXTargetDependency;
			target = CE56D03E274BBA4300B8E7FC /* Dramady */;
			targetProxy = CE56D05F274BBA4400B8E7FC /* PBXContainerItemProxy */;
		};
/* End PBXTargetDependency section */

/* Begin XCBuildConfiguration section */
		CE56D066274BBA4400B8E7FC /* Debug */ = {
			isa = XCBuildConfiguration;
			buildSettings = {
				ALWAYS_SEARCH_USER_PATHS = NO;
				CLANG_ANALYZER_NONNULL = YES;
				CLANG_ANALYZER_NUMBER_OBJECT_CONVERSION = YES_AGGRESSIVE;
				CLANG_CXX_LANGUAGE_STANDARD = "gnu++17";
				CLANG_CXX_LIBRARY = "libc++";
				CLANG_ENABLE_MODULES = YES;
				CLANG_ENABLE_OBJC_ARC = YES;
				CLANG_ENABLE_OBJC_WEAK = YES;
				CLANG_WARN_BLOCK_CAPTURE_AUTORELEASING = YES;
				CLANG_WARN_BOOL_CONVERSION = YES;
				CLANG_WARN_COMMA = YES;
				CLANG_WARN_CONSTANT_CONVERSION = YES;
				CLANG_WARN_DEPRECATED_OBJC_IMPLEMENTATIONS = YES;
				CLANG_WARN_DIRECT_OBJC_ISA_USAGE = YES_ERROR;
				CLANG_WARN_DOCUMENTATION_COMMENTS = YES;
				CLANG_WARN_EMPTY_BODY = YES;
				CLANG_WARN_ENUM_CONVERSION = YES;
				CLANG_WARN_INFINITE_RECURSION = YES;
				CLANG_WARN_INT_CONVERSION = YES;
				CLANG_WARN_NON_LITERAL_NULL_CONVERSION = YES;
				CLANG_WARN_OBJC_IMPLICIT_RETAIN_SELF = YES;
				CLANG_WARN_OBJC_LITERAL_CONVERSION = YES;
				CLANG_WARN_OBJC_ROOT_CLASS = YES_ERROR;
				CLANG_WARN_QUOTED_INCLUDE_IN_FRAMEWORK_HEADER = YES;
				CLANG_WARN_RANGE_LOOP_ANALYSIS = YES;
				CLANG_WARN_STRICT_PROTOTYPES = YES;
				CLANG_WARN_SUSPICIOUS_MOVE = YES;
				CLANG_WARN_UNGUARDED_AVAILABILITY = YES_AGGRESSIVE;
				CLANG_WARN_UNREACHABLE_CODE = YES;
				CLANG_WARN__DUPLICATE_METHOD_MATCH = YES;
				COPY_PHASE_STRIP = NO;
				DEBUG_INFORMATION_FORMAT = dwarf;
				ENABLE_STRICT_OBJC_MSGSEND = YES;
				ENABLE_TESTABILITY = YES;
				GCC_C_LANGUAGE_STANDARD = gnu11;
				GCC_DYNAMIC_NO_PIC = NO;
				GCC_NO_COMMON_BLOCKS = YES;
				GCC_OPTIMIZATION_LEVEL = 0;
				GCC_PREPROCESSOR_DEFINITIONS = (
					"DEBUG=1",
					"$(inherited)",
				);
				GCC_WARN_64_TO_32_BIT_CONVERSION = YES;
				GCC_WARN_ABOUT_RETURN_TYPE = YES_ERROR;
				GCC_WARN_UNDECLARED_SELECTOR = YES;
				GCC_WARN_UNINITIALIZED_AUTOS = YES_AGGRESSIVE;
				GCC_WARN_UNUSED_FUNCTION = YES;
				GCC_WARN_UNUSED_VARIABLE = YES;
				IPHONEOS_DEPLOYMENT_TARGET = 15.0;
				MTL_ENABLE_DEBUG_INFO = INCLUDE_SOURCE;
				MTL_FAST_MATH = YES;
				ONLY_ACTIVE_ARCH = YES;
				SDKROOT = iphoneos;
				SWIFT_ACTIVE_COMPILATION_CONDITIONS = DEBUG;
				SWIFT_OPTIMIZATION_LEVEL = "-Onone";
			};
			name = Debug;
		};
		CE56D067274BBA4400B8E7FC /* Release */ = {
			isa = XCBuildConfiguration;
			buildSettings = {
				ALWAYS_SEARCH_USER_PATHS = NO;
				CLANG_ANALYZER_NONNULL = YES;
				CLANG_ANALYZER_NUMBER_OBJECT_CONVERSION = YES_AGGRESSIVE;
				CLANG_CXX_LANGUAGE_STANDARD = "gnu++17";
				CLANG_CXX_LIBRARY = "libc++";
				CLANG_ENABLE_MODULES = YES;
				CLANG_ENABLE_OBJC_ARC = YES;
				CLANG_ENABLE_OBJC_WEAK = YES;
				CLANG_WARN_BLOCK_CAPTURE_AUTORELEASING = YES;
				CLANG_WARN_BOOL_CONVERSION = YES;
				CLANG_WARN_COMMA = YES;
				CLANG_WARN_CONSTANT_CONVERSION = YES;
				CLANG_WARN_DEPRECATED_OBJC_IMPLEMENTATIONS = YES;
				CLANG_WARN_DIRECT_OBJC_ISA_USAGE = YES_ERROR;
				CLANG_WARN_DOCUMENTATION_COMMENTS = YES;
				CLANG_WARN_EMPTY_BODY = YES;
				CLANG_WARN_ENUM_CONVERSION = YES;
				CLANG_WARN_INFINITE_RECURSION = YES;
				CLANG_WARN_INT_CONVERSION = YES;
				CLANG_WARN_NON_LITERAL_NULL_CONVERSION = YES;
				CLANG_WARN_OBJC_IMPLICIT_RETAIN_SELF = YES;
				CLANG_WARN_OBJC_LITERAL_CONVERSION = YES;
				CLANG_WARN_OBJC_ROOT_CLASS = YES_ERROR;
				CLANG_WARN_QUOTED_INCLUDE_IN_FRAMEWORK_HEADER = YES;
				CLANG_WARN_RANGE_LOOP_ANALYSIS = YES;
				CLANG_WARN_STRICT_PROTOTYPES = YES;
				CLANG_WARN_SUSPICIOUS_MOVE = YES;
				CLANG_WARN_UNGUARDED_AVAILABILITY = YES_AGGRESSIVE;
				CLANG_WARN_UNREACHABLE_CODE = YES;
				CLANG_WARN__DUPLICATE_METHOD_MATCH = YES;
				COPY_PHASE_STRIP = NO;
				DEBUG_INFORMATION_FORMAT = "dwarf-with-dsym";
				ENABLE_NS_ASSERTIONS = NO;
				ENABLE_STRICT_OBJC_MSGSEND = YES;
				GCC_C_LANGUAGE_STANDARD = gnu11;
				GCC_NO_COMMON_BLOCKS = YES;
				GCC_WARN_64_TO_32_BIT_CONVERSION = YES;
				GCC_WARN_ABOUT_RETURN_TYPE = YES_ERROR;
				GCC_WARN_UNDECLARED_SELECTOR = YES;
				GCC_WARN_UNINITIALIZED_AUTOS = YES_AGGRESSIVE;
				GCC_WARN_UNUSED_FUNCTION = YES;
				GCC_WARN_UNUSED_VARIABLE = YES;
				IPHONEOS_DEPLOYMENT_TARGET = 15.0;
				MTL_ENABLE_DEBUG_INFO = NO;
				MTL_FAST_MATH = YES;
				SDKROOT = iphoneos;
				SWIFT_COMPILATION_MODE = wholemodule;
				SWIFT_OPTIMIZATION_LEVEL = "-O";
				VALIDATE_PRODUCT = YES;
			};
			name = Release;
		};
		CE56D069274BBA4400B8E7FC /* Debug */ = {
			isa = XCBuildConfiguration;
			buildSettings = {
				ASSETCATALOG_COMPILER_APPICON_NAME = AppIcon;
				ASSETCATALOG_COMPILER_GLOBAL_ACCENT_COLOR_NAME = AccentColor;
				CODE_SIGN_STYLE = Automatic;
				CURRENT_PROJECT_VERSION = 1;
				DEVELOPMENT_ASSET_PATHS = "\"Dramady/Preview Content\"";
				DEVELOPMENT_TEAM = Z2T5BCS9YE;
				ENABLE_PREVIEWS = YES;
				GENERATE_INFOPLIST_FILE = YES;
				INFOPLIST_KEY_UIApplicationSceneManifest_Generation = YES;
				INFOPLIST_KEY_UIApplicationSupportsIndirectInputEvents = YES;
				INFOPLIST_KEY_UILaunchScreen_Generation = YES;
				INFOPLIST_KEY_UISupportedInterfaceOrientations_iPad = "UIInterfaceOrientationPortrait UIInterfaceOrientationPortraitUpsideDown UIInterfaceOrientationLandscapeLeft UIInterfaceOrientationLandscapeRight";
				INFOPLIST_KEY_UISupportedInterfaceOrientations_iPhone = "UIInterfaceOrientationPortrait UIInterfaceOrientationLandscapeLeft UIInterfaceOrientationLandscapeRight";
				IPHONEOS_DEPLOYMENT_TARGET = 15.0;
				LD_RUNPATH_SEARCH_PATHS = (
					"$(inherited)",
					"@executable_path/Frameworks",
				);
				MARKETING_VERSION = 1.0;
				PRODUCT_BUNDLE_IDENTIFIER = com.Dramady;
				PRODUCT_NAME = "$(TARGET_NAME)";
				SWIFT_EMIT_LOC_STRINGS = YES;
				SWIFT_VERSION = 5.0;
				TARGETED_DEVICE_FAMILY = "1,2";
			};
			name = Debug;
		};
		CE56D06A274BBA4400B8E7FC /* Release */ = {
			isa = XCBuildConfiguration;
			buildSettings = {
				ASSETCATALOG_COMPILER_APPICON_NAME = AppIcon;
				ASSETCATALOG_COMPILER_GLOBAL_ACCENT_COLOR_NAME = AccentColor;
				CODE_SIGN_STYLE = Automatic;
				CURRENT_PROJECT_VERSION = 1;
				DEVELOPMENT_ASSET_PATHS = "\"Dramady/Preview Content\"";
				DEVELOPMENT_TEAM = Z2T5BCS9YE;
				ENABLE_PREVIEWS = YES;
				GENERATE_INFOPLIST_FILE = YES;
				INFOPLIST_KEY_UIApplicationSceneManifest_Generation = YES;
				INFOPLIST_KEY_UIApplicationSupportsIndirectInputEvents = YES;
				INFOPLIST_KEY_UILaunchScreen_Generation = YES;
				INFOPLIST_KEY_UISupportedInterfaceOrientations_iPad = "UIInterfaceOrientationPortrait UIInterfaceOrientationPortraitUpsideDown UIInterfaceOrientationLandscapeLeft UIInterfaceOrientationLandscapeRight";
				INFOPLIST_KEY_UISupportedInterfaceOrientations_iPhone = "UIInterfaceOrientationPortrait UIInterfaceOrientationLandscapeLeft UIInterfaceOrientationLandscapeRight";
				IPHONEOS_DEPLOYMENT_TARGET = 15.0;
				LD_RUNPATH_SEARCH_PATHS = (
					"$(inherited)",
					"@executable_path/Frameworks",
				);
				MARKETING_VERSION = 1.0;
				PRODUCT_BUNDLE_IDENTIFIER = com.Dramady;
				PRODUCT_NAME = "$(TARGET_NAME)";
				SWIFT_EMIT_LOC_STRINGS = YES;
				SWIFT_VERSION = 5.0;
				TARGETED_DEVICE_FAMILY = "1,2";
			};
			name = Release;
		};
		CE56D06C274BBA4400B8E7FC /* Debug */ = {
			isa = XCBuildConfiguration;
			buildSettings = {
				ALWAYS_EMBED_SWIFT_STANDARD_LIBRARIES = YES;
				BUNDLE_LOADER = "$(TEST_HOST)";
				CODE_SIGN_STYLE = Automatic;
				CURRENT_PROJECT_VERSION = 1;
				DEVELOPMENT_TEAM = Z2T5BCS9YE;
				GENERATE_INFOPLIST_FILE = YES;
				IPHONEOS_DEPLOYMENT_TARGET = 15.0;
				LD_RUNPATH_SEARCH_PATHS = (
					"$(inherited)",
					"@executable_path/Frameworks",
					"@loader_path/Frameworks",
				);
				MARKETING_VERSION = 1.0;
				PRODUCT_BUNDLE_IDENTIFIER = production.DramadyTests;
				PRODUCT_NAME = "$(TARGET_NAME)";
				SWIFT_EMIT_LOC_STRINGS = NO;
				SWIFT_VERSION = 5.0;
				TARGETED_DEVICE_FAMILY = "1,2";
				TEST_HOST = "$(BUILT_PRODUCTS_DIR)/Dramady.app/Dramady";
			};
			name = Debug;
		};
		CE56D06D274BBA4400B8E7FC /* Release */ = {
			isa = XCBuildConfiguration;
			buildSettings = {
				ALWAYS_EMBED_SWIFT_STANDARD_LIBRARIES = YES;
				BUNDLE_LOADER = "$(TEST_HOST)";
				CODE_SIGN_STYLE = Automatic;
				CURRENT_PROJECT_VERSION = 1;
				DEVELOPMENT_TEAM = Z2T5BCS9YE;
				GENERATE_INFOPLIST_FILE = YES;
				IPHONEOS_DEPLOYMENT_TARGET = 15.0;
				LD_RUNPATH_SEARCH_PATHS = (
					"$(inherited)",
					"@executable_path/Frameworks",
					"@loader_path/Frameworks",
				);
				MARKETING_VERSION = 1.0;
				PRODUCT_BUNDLE_IDENTIFIER = production.DramadyTests;
				PRODUCT_NAME = "$(TARGET_NAME)";
				SWIFT_EMIT_LOC_STRINGS = NO;
				SWIFT_VERSION = 5.0;
				TARGETED_DEVICE_FAMILY = "1,2";
				TEST_HOST = "$(BUILT_PRODUCTS_DIR)/Dramady.app/Dramady";
			};
			name = Release;
		};
		CE56D06F274BBA4400B8E7FC /* Debug */ = {
			isa = XCBuildConfiguration;
			buildSettings = {
				ALWAYS_EMBED_SWIFT_STANDARD_LIBRARIES = YES;
				CODE_SIGN_STYLE = Automatic;
				CURRENT_PROJECT_VERSION = 1;
				DEVELOPMENT_TEAM = 4QTHTML435;
				GENERATE_INFOPLIST_FILE = YES;
				LD_RUNPATH_SEARCH_PATHS = (
					"$(inherited)",
					"@executable_path/Frameworks",
					"@loader_path/Frameworks",
				);
				MARKETING_VERSION = 1.0;
				PRODUCT_BUNDLE_IDENTIFIER = production.DramadyUITests;
				PRODUCT_NAME = "$(TARGET_NAME)";
				SWIFT_EMIT_LOC_STRINGS = NO;
				SWIFT_VERSION = 5.0;
				TARGETED_DEVICE_FAMILY = "1,2";
				TEST_TARGET_NAME = Dramady;
			};
			name = Debug;
		};
		CE56D070274BBA4400B8E7FC /* Release */ = {
			isa = XCBuildConfiguration;
			buildSettings = {
				ALWAYS_EMBED_SWIFT_STANDARD_LIBRARIES = YES;
				CODE_SIGN_STYLE = Automatic;
				CURRENT_PROJECT_VERSION = 1;
				DEVELOPMENT_TEAM = 4QTHTML435;
				GENERATE_INFOPLIST_FILE = YES;
				LD_RUNPATH_SEARCH_PATHS = (
					"$(inherited)",
					"@executable_path/Frameworks",
					"@loader_path/Frameworks",
				);
				MARKETING_VERSION = 1.0;
				PRODUCT_BUNDLE_IDENTIFIER = production.DramadyUITests;
				PRODUCT_NAME = "$(TARGET_NAME)";
				SWIFT_EMIT_LOC_STRINGS = NO;
				SWIFT_VERSION = 5.0;
				TARGETED_DEVICE_FAMILY = "1,2";
				TEST_TARGET_NAME = Dramady;
			};
			name = Release;
		};
/* End XCBuildConfiguration section */

/* Begin XCConfigurationList section */
		CE56D03A274BBA4300B8E7FC /* Build configuration list for PBXProject "Dramady" */ = {
			isa = XCConfigurationList;
			buildConfigurations = (
				CE56D066274BBA4400B8E7FC /* Debug */,
				CE56D067274BBA4400B8E7FC /* Release */,
			);
			defaultConfigurationIsVisible = 0;
			defaultConfigurationName = Release;
		};
		CE56D068274BBA4400B8E7FC /* Build configuration list for PBXNativeTarget "Dramady" */ = {
			isa = XCConfigurationList;
			buildConfigurations = (
				CE56D069274BBA4400B8E7FC /* Debug */,
				CE56D06A274BBA4400B8E7FC /* Release */,
			);
			defaultConfigurationIsVisible = 0;
			defaultConfigurationName = Release;
		};
		CE56D06B274BBA4400B8E7FC /* Build configuration list for PBXNativeTarget "DramadyTests" */ = {
			isa = XCConfigurationList;
			buildConfigurations = (
				CE56D06C274BBA4400B8E7FC /* Debug */,
				CE56D06D274BBA4400B8E7FC /* Release */,
			);
			defaultConfigurationIsVisible = 0;
			defaultConfigurationName = Release;
		};
		CE56D06E274BBA4400B8E7FC /* Build configuration list for PBXNativeTarget "DramadyUITests" */ = {
			isa = XCConfigurationList;
			buildConfigurations = (
				CE56D06F274BBA4400B8E7FC /* Debug */,
				CE56D070274BBA4400B8E7FC /* Release */,
			);
			defaultConfigurationIsVisible = 0;
			defaultConfigurationName = Release;
		};
/* End XCConfigurationList section */

/* Begin XCVersionGroup section */
		3A35AD9F27664D3200727D34 /* DramadyDataModel.xcdatamodeld */ = {
			isa = XCVersionGroup;
			children = (
				3A35ADA027664D3200727D34 /* DramadyDataModel.xcdatamodel */,
			);
			currentVersion = 3A35ADA027664D3200727D34 /* DramadyDataModel.xcdatamodel */;
			path = DramadyDataModel.xcdatamodeld;
			sourceTree = "<group>";
			versionGroupType = wrapper.xcdatamodel;
		};
		CE56D04D274BBA4400B8E7FC /* Dramady.xcdatamodeld */ = {
			isa = XCVersionGroup;
			children = (
				CE56D04E274BBA4400B8E7FC /* Dramady.xcdatamodel */,
			);
			currentVersion = CE56D04E274BBA4400B8E7FC /* Dramady.xcdatamodel */;
			path = Dramady.xcdatamodeld;
			sourceTree = "<group>";
			versionGroupType = wrapper.xcdatamodel;
		};
/* End XCVersionGroup section */
	};
	rootObject = CE56D037274BBA4300B8E7FC /* Project object */;
}
